
Microsoft Visual Studio Solution File, Format Version 12.00
# Visual Studio Version 17
VisualStudioVersion = 17.8.34511.84
MinimumVisualStudioVersion = 10.0.40219.1
Project("{FAE04EC0-301F-11D3-BF4B-00C04F79EFBC}") = "NewTryTree", "NewTryTree\NewTryTree.csproj", "{2FE714F6-7F29-4E44-ADBA-F80EBC74DC03}"
EndProject
Global
	GlobalSection(SolutionConfigurationPlatforms) = preSolution
		Debug|Any CPU = Debug|Any CPU
		Release|Any CPU = Release|Any CPU
	EndGlobalSection
	GlobalSection(ProjectConfigurationPlatforms) = postSolution
		{2FE714F6-7F29-4E44-ADBA-F80EBC74DC03}.Debug|Any CPU.ActiveCfg = Debug|Any CPU
		{2FE714F6-7F29-4E44-ADBA-F80EBC74DC03}.Debug|Any CPU.Build.0 = Debug|Any CPU
		{2FE714F6-7F29-4E44-ADBA-F80EBC74DC03}.Release|Any CPU.ActiveCfg = Release|Any CPU
		{2FE714F6-7F29-4E44-ADBA-F80EBC74DC03}.Release|Any CPU.Build.0 = Release|Any CPU
	EndGlobalSection
	GlobalSection(SolutionProperties) = preSolution
		HideSolutionNode = FALSE
	EndGlobalSection
	GlobalSection(ExtensibilityGlobals) = postSolution
		SolutionGuid = {82811FC9-6AAD-48F1-9FB2-2F9D7A6B3C36}
	EndGlobalSection
EndGlobal
